// !$*UTF8*$!
{
	archiveVersion = 1;
	classes = {
	};
	objectVersion = 50;
	objects = {

/* Begin PBXBuildFile section */
		361EB4312357C24A0036E2EB /* ActivitySceneInteractor.swift in Sources */ = {isa = PBXBuildFile; fileRef = 361EB4302357C24A0036E2EB /* ActivitySceneInteractor.swift */; };
		361EB4332357C66E0036E2EB /* ActivitySceneController.swift in Sources */ = {isa = PBXBuildFile; fileRef = 361EB4322357C66E0036E2EB /* ActivitySceneController.swift */; };
		361EB4352357C6B40036E2EB /* ActivityScenePresenter.swift in Sources */ = {isa = PBXBuildFile; fileRef = 361EB4342357C6B40036E2EB /* ActivityScenePresenter.swift */; };
		361EB4372357C74A0036E2EB /* ActivitySceneDataStructures.swift in Sources */ = {isa = PBXBuildFile; fileRef = 361EB4362357C74A0036E2EB /* ActivitySceneDataStructures.swift */; };
		361EB4392357CC910036E2EB /* ActivitySceneProtocols.swift in Sources */ = {isa = PBXBuildFile; fileRef = 361EB4382357CC910036E2EB /* ActivitySceneProtocols.swift */; };
		361EB43C2358FFDC0036E2EB /* Expression.swift in Sources */ = {isa = PBXBuildFile; fileRef = 361EB43B2358FFDC0036E2EB /* Expression.swift */; };
		361EB443235901FE0036E2EB /* Expression.swift in Sources */ = {isa = PBXBuildFile; fileRef = 361EB43B2358FFDC0036E2EB /* Expression.swift */; };
		361EB44B23590F1B0036E2EB /* ActivitiesFactory.swift in Sources */ = {isa = PBXBuildFile; fileRef = 361EB44A23590F1B0036E2EB /* ActivitiesFactory.swift */; };
		368CBDF1233EA1BE004E712A /* AppDelegate.swift in Sources */ = {isa = PBXBuildFile; fileRef = 368CBDF0233EA1BE004E712A /* AppDelegate.swift */; };
		368CBDF8233EA1BF004E712A /* Assets.xcassets in Resources */ = {isa = PBXBuildFile; fileRef = 368CBDF7233EA1BF004E712A /* Assets.xcassets */; };
		368CBDFB233EA1BF004E712A /* LaunchScreen.storyboard in Resources */ = {isa = PBXBuildFile; fileRef = 368CBDF9233EA1BF004E712A /* LaunchScreen.storyboard */; };
		368CBE04233EA24E004E712A /* Coordinating.swift in Sources */ = {isa = PBXBuildFile; fileRef = 368CBE03233EA24E004E712A /* Coordinating.swift */; };
		368CBE06233EA29D004E712A /* Coordination.swift in Sources */ = {isa = PBXBuildFile; fileRef = 368CBE05233EA29D004E712A /* Coordination.swift */; };
		368CBE08233EA2BC004E712A /* CoordinationAction.swift in Sources */ = {isa = PBXBuildFile; fileRef = 368CBE07233EA2BC004E712A /* CoordinationAction.swift */; };
		368CBE0A233EA322004E712A /* RootCoordinator.swift in Sources */ = {isa = PBXBuildFile; fileRef = 368CBE09233EA322004E712A /* RootCoordinator.swift */; };
		368CBE0F233EA431004E712A /* Entities.swift in Sources */ = {isa = PBXBuildFile; fileRef = 368CBE0E233EA431004E712A /* Entities.swift */; };
		368CBE11233EA46F004E712A /* Gateways.swift in Sources */ = {isa = PBXBuildFile; fileRef = 368CBE10233EA46F004E712A /* Gateways.swift */; };
		368CBE14233EA618004E712A /* CoordinationFactory.swift in Sources */ = {isa = PBXBuildFile; fileRef = 368CBE13233EA618004E712A /* CoordinationFactory.swift */; };
		368CBE16233EA63F004E712A /* DefaultCoordinationFactory.swift in Sources */ = {isa = PBXBuildFile; fileRef = 368CBE15233EA63F004E712A /* DefaultCoordinationFactory.swift */; };
		368CBE18233EA8FC004E712A /* ActivityCoordinator.swift in Sources */ = {isa = PBXBuildFile; fileRef = 368CBE17233EA8FC004E712A /* ActivityCoordinator.swift */; };
		368CBE1B233EAB0A004E712A /* ScenesFactory.swift in Sources */ = {isa = PBXBuildFile; fileRef = 368CBE1A233EAB0A004E712A /* ScenesFactory.swift */; };
		368CBE3B233EAD3C004E712A /* DummyCoordinator.swift in Sources */ = {isa = PBXBuildFile; fileRef = 368CBE3A233EAD3C004E712A /* DummyCoordinator.swift */; };
		368CBE3D233EAF4C004E712A /* Main.storyboard in Resources */ = {isa = PBXBuildFile; fileRef = 368CBE3C233EAF4C004E712A /* Main.storyboard */; };
		368CBE3F233EB076004E712A /* DefaultScenesFactory.swift in Sources */ = {isa = PBXBuildFile; fileRef = 368CBE3E233EB076004E712A /* DefaultScenesFactory.swift */; };
		368CBE42233EB143004E712A /* ActivitySceneView.swift in Sources */ = {isa = PBXBuildFile; fileRef = 368CBE40233EB143004E712A /* ActivitySceneView.swift */; };
		368CBE43233EB143004E712A /* DefaultActivitySceneView.xib in Resources */ = {isa = PBXBuildFile; fileRef = 368CBE41233EB143004E712A /* DefaultActivitySceneView.xib */; };
		368CBE45233EB59E004E712A /* DefaultGateways.swift in Sources */ = {isa = PBXBuildFile; fileRef = 368CBE44233EB59E004E712A /* DefaultGateways.swift */; };
		368CBE4723428E8D004E712A /* ActivityGateway.swift in Sources */ = {isa = PBXBuildFile; fileRef = 368CBE4623428E8D004E712A /* ActivityGateway.swift */; };
		368CBE4923428EDB004E712A /* ActivityEntity.swift in Sources */ = {isa = PBXBuildFile; fileRef = 368CBE4823428EDB004E712A /* ActivityEntity.swift */; };
		368CBE4B23428F1A004E712A /* ActivityStepEntity.swift in Sources */ = {isa = PBXBuildFile; fileRef = 368CBE4A23428F1A004E712A /* ActivityStepEntity.swift */; };
		368CBE532342961D004E712A /* ExpressionsTests.swift in Sources */ = {isa = PBXBuildFile; fileRef = 368CBE522342961D004E712A /* ExpressionsTests.swift */; };
		368CBE5B23429699004E712A /* ActivityStepEntity.swift in Sources */ = {isa = PBXBuildFile; fileRef = 368CBE4A23428F1A004E712A /* ActivityStepEntity.swift */; };
		368CBE5C234296B3004E712A /* Entities.swift in Sources */ = {isa = PBXBuildFile; fileRef = 368CBE0E233EA431004E712A /* Entities.swift */; };
		368CBE602348DACA004E712A /* ReadySceneView.swift in Sources */ = {isa = PBXBuildFile; fileRef = 368CBE5E2348DAC9004E712A /* ReadySceneView.swift */; };
		368CBE612348DACA004E712A /* DefaultReadySceneView.xib in Resources */ = {isa = PBXBuildFile; fileRef = 368CBE5F2348DAC9004E712A /* DefaultReadySceneView.xib */; };
		368CBE632348DCA6004E712A /* ReadyScenePresenter.swift in Sources */ = {isa = PBXBuildFile; fileRef = 368CBE622348DCA6004E712A /* ReadyScenePresenter.swift */; };
		368CBE652348DCB7004E712A /* ReadySceneProtocols.swift in Sources */ = {isa = PBXBuildFile; fileRef = 368CBE642348DCB7004E712A /* ReadySceneProtocols.swift */; };
		368CBE67235378F3004E712A /* ReadySceneController.swift in Sources */ = {isa = PBXBuildFile; fileRef = 368CBE66235378F3004E712A /* ReadySceneController.swift */; };
		368CBE6923537C00004E712A /* ReadySceneDataStructures.swift in Sources */ = {isa = PBXBuildFile; fileRef = 368CBE6823537C00004E712A /* ReadySceneDataStructures.swift */; };
		368CBE6B23537F6B004E712A /* ReadySceneInteractor.swift in Sources */ = {isa = PBXBuildFile; fileRef = 368CBE6A23537F6B004E712A /* ReadySceneInteractor.swift */; };
/* End PBXBuildFile section */

/* Begin PBXContainerItemProxy section */
		368CBE552342961D004E712A /* PBXContainerItemProxy */ = {
			isa = PBXContainerItemProxy;
			containerPortal = 368CBDE5233EA1BE004E712A /* Project object */;
			proxyType = 1;
			remoteGlobalIDString = 368CBDEC233EA1BE004E712A;
			remoteInfo = vvv;
		};
/* End PBXContainerItemProxy section */

/* Begin PBXFileReference section */
		361EB4302357C24A0036E2EB /* ActivitySceneInteractor.swift */ = {isa = PBXFileReference; lastKnownFileType = sourcecode.swift; path = ActivitySceneInteractor.swift; sourceTree = "<group>"; };
		361EB4322357C66E0036E2EB /* ActivitySceneController.swift */ = {isa = PBXFileReference; lastKnownFileType = sourcecode.swift; path = ActivitySceneController.swift; sourceTree = "<group>"; };
		361EB4342357C6B40036E2EB /* ActivityScenePresenter.swift */ = {isa = PBXFileReference; lastKnownFileType = sourcecode.swift; path = ActivityScenePresenter.swift; sourceTree = "<group>"; };
		361EB4362357C74A0036E2EB /* ActivitySceneDataStructures.swift */ = {isa = PBXFileReference; lastKnownFileType = sourcecode.swift; path = ActivitySceneDataStructures.swift; sourceTree = "<group>"; };
		361EB4382357CC910036E2EB /* ActivitySceneProtocols.swift */ = {isa = PBXFileReference; lastKnownFileType = sourcecode.swift; path = ActivitySceneProtocols.swift; sourceTree = "<group>"; };
		361EB43B2358FFDC0036E2EB /* Expression.swift */ = {isa = PBXFileReference; lastKnownFileType = sourcecode.swift; path = Expression.swift; sourceTree = "<group>"; };
		361EB44A23590F1B0036E2EB /* ActivitiesFactory.swift */ = {isa = PBXFileReference; lastKnownFileType = sourcecode.swift; path = ActivitiesFactory.swift; sourceTree = "<group>"; };
		368CBDED233EA1BE004E712A /* vvv.app */ = {isa = PBXFileReference; explicitFileType = wrapper.application; includeInIndex = 0; path = vvv.app; sourceTree = BUILT_PRODUCTS_DIR; };
		368CBDF0233EA1BE004E712A /* AppDelegate.swift */ = {isa = PBXFileReference; lastKnownFileType = sourcecode.swift; path = AppDelegate.swift; sourceTree = "<group>"; };
		368CBDF7233EA1BF004E712A /* Assets.xcassets */ = {isa = PBXFileReference; lastKnownFileType = folder.assetcatalog; path = Assets.xcassets; sourceTree = "<group>"; };
		368CBDFA233EA1BF004E712A /* Base */ = {isa = PBXFileReference; lastKnownFileType = file.storyboard; name = Base; path = Base.lproj/LaunchScreen.storyboard; sourceTree = "<group>"; };
		368CBDFC233EA1BF004E712A /* Info.plist */ = {isa = PBXFileReference; lastKnownFileType = text.plist.xml; path = Info.plist; sourceTree = "<group>"; };
		368CBE03233EA24E004E712A /* Coordinating.swift */ = {isa = PBXFileReference; lastKnownFileType = sourcecode.swift; path = Coordinating.swift; sourceTree = "<group>"; };
		368CBE05233EA29D004E712A /* Coordination.swift */ = {isa = PBXFileReference; lastKnownFileType = sourcecode.swift; path = Coordination.swift; sourceTree = "<group>"; };
		368CBE07233EA2BC004E712A /* CoordinationAction.swift */ = {isa = PBXFileReference; lastKnownFileType = sourcecode.swift; path = CoordinationAction.swift; sourceTree = "<group>"; };
		368CBE09233EA322004E712A /* RootCoordinator.swift */ = {isa = PBXFileReference; lastKnownFileType = sourcecode.swift; path = RootCoordinator.swift; sourceTree = "<group>"; };
		368CBE0E233EA431004E712A /* Entities.swift */ = {isa = PBXFileReference; lastKnownFileType = sourcecode.swift; path = Entities.swift; sourceTree = "<group>"; };
		368CBE10233EA46F004E712A /* Gateways.swift */ = {isa = PBXFileReference; lastKnownFileType = sourcecode.swift; path = Gateways.swift; sourceTree = "<group>"; };
		368CBE13233EA618004E712A /* CoordinationFactory.swift */ = {isa = PBXFileReference; lastKnownFileType = sourcecode.swift; path = CoordinationFactory.swift; sourceTree = "<group>"; };
		368CBE15233EA63F004E712A /* DefaultCoordinationFactory.swift */ = {isa = PBXFileReference; lastKnownFileType = sourcecode.swift; path = DefaultCoordinationFactory.swift; sourceTree = "<group>"; };
		368CBE17233EA8FC004E712A /* ActivityCoordinator.swift */ = {isa = PBXFileReference; lastKnownFileType = sourcecode.swift; path = ActivityCoordinator.swift; sourceTree = "<group>"; };
		368CBE1A233EAB0A004E712A /* ScenesFactory.swift */ = {isa = PBXFileReference; lastKnownFileType = sourcecode.swift; path = ScenesFactory.swift; sourceTree = "<group>"; };
		368CBE3A233EAD3C004E712A /* DummyCoordinator.swift */ = {isa = PBXFileReference; lastKnownFileType = sourcecode.swift; path = DummyCoordinator.swift; sourceTree = "<group>"; };
		368CBE3C233EAF4C004E712A /* Main.storyboard */ = {isa = PBXFileReference; lastKnownFileType = file.storyboard; path = Main.storyboard; sourceTree = "<group>"; };
		368CBE3E233EB076004E712A /* DefaultScenesFactory.swift */ = {isa = PBXFileReference; lastKnownFileType = sourcecode.swift; path = DefaultScenesFactory.swift; sourceTree = "<group>"; };
		368CBE40233EB143004E712A /* ActivitySceneView.swift */ = {isa = PBXFileReference; lastKnownFileType = sourcecode.swift; path = ActivitySceneView.swift; sourceTree = "<group>"; };
		368CBE41233EB143004E712A /* DefaultActivitySceneView.xib */ = {isa = PBXFileReference; lastKnownFileType = file.xib; path = DefaultActivitySceneView.xib; sourceTree = "<group>"; };
		368CBE44233EB59E004E712A /* DefaultGateways.swift */ = {isa = PBXFileReference; lastKnownFileType = sourcecode.swift; path = DefaultGateways.swift; sourceTree = "<group>"; };
		368CBE4623428E8D004E712A /* ActivityGateway.swift */ = {isa = PBXFileReference; lastKnownFileType = sourcecode.swift; path = ActivityGateway.swift; sourceTree = "<group>"; };
		368CBE4823428EDB004E712A /* ActivityEntity.swift */ = {isa = PBXFileReference; lastKnownFileType = sourcecode.swift; path = ActivityEntity.swift; sourceTree = "<group>"; };
		368CBE4A23428F1A004E712A /* ActivityStepEntity.swift */ = {isa = PBXFileReference; lastKnownFileType = sourcecode.swift; path = ActivityStepEntity.swift; sourceTree = "<group>"; };
		368CBE502342961D004E712A /* vvvTests.xctest */ = {isa = PBXFileReference; explicitFileType = wrapper.cfbundle; includeInIndex = 0; path = vvvTests.xctest; sourceTree = BUILT_PRODUCTS_DIR; };
		368CBE522342961D004E712A /* ExpressionsTests.swift */ = {isa = PBXFileReference; lastKnownFileType = sourcecode.swift; path = ExpressionsTests.swift; sourceTree = "<group>"; };
		368CBE542342961D004E712A /* Info.plist */ = {isa = PBXFileReference; lastKnownFileType = text.plist.xml; path = Info.plist; sourceTree = "<group>"; };
		368CBE5E2348DAC9004E712A /* ReadySceneView.swift */ = {isa = PBXFileReference; lastKnownFileType = sourcecode.swift; path = ReadySceneView.swift; sourceTree = "<group>"; };
		368CBE5F2348DAC9004E712A /* DefaultReadySceneView.xib */ = {isa = PBXFileReference; lastKnownFileType = file.xib; path = DefaultReadySceneView.xib; sourceTree = "<group>"; };
		368CBE622348DCA6004E712A /* ReadyScenePresenter.swift */ = {isa = PBXFileReference; lastKnownFileType = sourcecode.swift; path = ReadyScenePresenter.swift; sourceTree = "<group>"; };
		368CBE642348DCB7004E712A /* ReadySceneProtocols.swift */ = {isa = PBXFileReference; lastKnownFileType = sourcecode.swift; path = ReadySceneProtocols.swift; sourceTree = "<group>"; };
		368CBE66235378F3004E712A /* ReadySceneController.swift */ = {isa = PBXFileReference; lastKnownFileType = sourcecode.swift; path = ReadySceneController.swift; sourceTree = "<group>"; };
		368CBE6823537C00004E712A /* ReadySceneDataStructures.swift */ = {isa = PBXFileReference; lastKnownFileType = sourcecode.swift; path = ReadySceneDataStructures.swift; sourceTree = "<group>"; };
		368CBE6A23537F6B004E712A /* ReadySceneInteractor.swift */ = {isa = PBXFileReference; lastKnownFileType = sourcecode.swift; path = ReadySceneInteractor.swift; sourceTree = "<group>"; };
/* End PBXFileReference section */

/* Begin PBXFrameworksBuildPhase section */
		368CBDEA233EA1BE004E712A /* Frameworks */ = {
			isa = PBXFrameworksBuildPhase;
			buildActionMask = 2147483647;
			files = (
			);
			runOnlyForDeploymentPostprocessing = 0;
		};
		368CBE4D2342961D004E712A /* Frameworks */ = {
			isa = PBXFrameworksBuildPhase;
			buildActionMask = 2147483647;
			files = (
			);
			runOnlyForDeploymentPostprocessing = 0;
		};
/* End PBXFrameworksBuildPhase section */

/* Begin PBXGroup section */
		361EB43A2358FFAD0036E2EB /* Expressions */ = {
			isa = PBXGroup;
			children = (
				361EB43B2358FFDC0036E2EB /* Expression.swift */,
			);
			path = Expressions;
			sourceTree = "<group>";
		};
		368CBDE4233EA1BE004E712A = {
			isa = PBXGroup;
			children = (
				368CBDEF233EA1BE004E712A /* vvv */,
				368CBE512342961D004E712A /* vvvTests */,
				368CBDEE233EA1BE004E712A /* Products */,
			);
			sourceTree = "<group>";
		};
		368CBDEE233EA1BE004E712A /* Products */ = {
			isa = PBXGroup;
			children = (
				368CBDED233EA1BE004E712A /* vvv.app */,
				368CBE502342961D004E712A /* vvvTests.xctest */,
			);
			name = Products;
			sourceTree = "<group>";
		};
		368CBDEF233EA1BE004E712A /* vvv */ = {
			isa = PBXGroup;
			children = (
				361EB43A2358FFAD0036E2EB /* Expressions */,
				368CBE3C233EAF4C004E712A /* Main.storyboard */,
				368CBE12233EA5E2004E712A /* Factories */,
				368CBE0D233EA3EE004E712A /* Entities */,
				368CBE0C233EA3BB004E712A /* Gateways */,
				368CBE0B233EA390004E712A /* Scenes */,
				368CBE02233EA224004E712A /* Coordination */,
				368CBDF0233EA1BE004E712A /* AppDelegate.swift */,
				368CBDF7233EA1BF004E712A /* Assets.xcassets */,
				368CBDF9233EA1BF004E712A /* LaunchScreen.storyboard */,
				368CBDFC233EA1BF004E712A /* Info.plist */,
			);
			path = vvv;
			sourceTree = "<group>";
		};
		368CBE02233EA224004E712A /* Coordination */ = {
			isa = PBXGroup;
			children = (
				368CBE03233EA24E004E712A /* Coordinating.swift */,
				368CBE05233EA29D004E712A /* Coordination.swift */,
				368CBE07233EA2BC004E712A /* CoordinationAction.swift */,
				368CBE09233EA322004E712A /* RootCoordinator.swift */,
				368CBE17233EA8FC004E712A /* ActivityCoordinator.swift */,
				368CBE3A233EAD3C004E712A /* DummyCoordinator.swift */,
			);
			path = Coordination;
			sourceTree = "<group>";
		};
		368CBE0B233EA390004E712A /* Scenes */ = {
			isa = PBXGroup;
			children = (
				368CBE5D2348DA9E004E712A /* Ready */,
				368CBE19233EAADB004E712A /* Activity */,
			);
			path = Scenes;
			sourceTree = "<group>";
		};
		368CBE0C233EA3BB004E712A /* Gateways */ = {
			isa = PBXGroup;
			children = (
				368CBE10233EA46F004E712A /* Gateways.swift */,
				368CBE44233EB59E004E712A /* DefaultGateways.swift */,
				368CBE4623428E8D004E712A /* ActivityGateway.swift */,
			);
			path = Gateways;
			sourceTree = "<group>";
		};
		368CBE0D233EA3EE004E712A /* Entities */ = {
			isa = PBXGroup;
			children = (
				368CBE0E233EA431004E712A /* Entities.swift */,
				368CBE4823428EDB004E712A /* ActivityEntity.swift */,
				368CBE4A23428F1A004E712A /* ActivityStepEntity.swift */,
			);
			path = Entities;
			sourceTree = "<group>";
		};
		368CBE12233EA5E2004E712A /* Factories */ = {
			isa = PBXGroup;
			children = (
				368CBE13233EA618004E712A /* CoordinationFactory.swift */,
				368CBE15233EA63F004E712A /* DefaultCoordinationFactory.swift */,
				368CBE1A233EAB0A004E712A /* ScenesFactory.swift */,
				368CBE3E233EB076004E712A /* DefaultScenesFactory.swift */,
				361EB44A23590F1B0036E2EB /* ActivitiesFactory.swift */,
			);
			path = Factories;
			sourceTree = "<group>";
		};
		368CBE19233EAADB004E712A /* Activity */ = {
			isa = PBXGroup;
			children = (
				368CBE40233EB143004E712A /* ActivitySceneView.swift */,
				368CBE41233EB143004E712A /* DefaultActivitySceneView.xib */,
				361EB4302357C24A0036E2EB /* ActivitySceneInteractor.swift */,
				361EB4322357C66E0036E2EB /* ActivitySceneController.swift */,
				361EB4342357C6B40036E2EB /* ActivityScenePresenter.swift */,
				361EB4362357C74A0036E2EB /* ActivitySceneDataStructures.swift */,
				361EB4382357CC910036E2EB /* ActivitySceneProtocols.swift */,
			);
			path = Activity;
			sourceTree = "<group>";
		};
		368CBE512342961D004E712A /* vvvTests */ = {
			isa = PBXGroup;
			children = (
				368CBE522342961D004E712A /* ExpressionsTests.swift */,
				368CBE542342961D004E712A /* Info.plist */,
			);
			path = vvvTests;
			sourceTree = "<group>";
		};
		368CBE5D2348DA9E004E712A /* Ready */ = {
			isa = PBXGroup;
			children = (
				368CBE5E2348DAC9004E712A /* ReadySceneView.swift */,
				368CBE5F2348DAC9004E712A /* DefaultReadySceneView.xib */,
				368CBE622348DCA6004E712A /* ReadyScenePresenter.swift */,
				368CBE642348DCB7004E712A /* ReadySceneProtocols.swift */,
				368CBE66235378F3004E712A /* ReadySceneController.swift */,
				368CBE6823537C00004E712A /* ReadySceneDataStructures.swift */,
				368CBE6A23537F6B004E712A /* ReadySceneInteractor.swift */,
			);
			path = Ready;
			sourceTree = "<group>";
		};
/* End PBXGroup section */

/* Begin PBXNativeTarget section */
		368CBDEC233EA1BE004E712A /* vvv */ = {
			isa = PBXNativeTarget;
			buildConfigurationList = 368CBDFF233EA1BF004E712A /* Build configuration list for PBXNativeTarget "vvv" */;
			buildPhases = (
				368CBDE9233EA1BE004E712A /* Sources */,
				368CBDEA233EA1BE004E712A /* Frameworks */,
				368CBDEB233EA1BE004E712A /* Resources */,
			);
			buildRules = (
			);
			dependencies = (
			);
			name = vvv;
			productName = vvv;
			productReference = 368CBDED233EA1BE004E712A /* vvv.app */;
			productType = "com.apple.product-type.application";
		};
		368CBE4F2342961D004E712A /* vvvTests */ = {
			isa = PBXNativeTarget;
			buildConfigurationList = 368CBE572342961D004E712A /* Build configuration list for PBXNativeTarget "vvvTests" */;
			buildPhases = (
				368CBE4C2342961D004E712A /* Sources */,
				368CBE4D2342961D004E712A /* Frameworks */,
				368CBE4E2342961D004E712A /* Resources */,
			);
			buildRules = (
			);
			dependencies = (
				368CBE562342961D004E712A /* PBXTargetDependency */,
			);
			name = vvvTests;
			productName = vvvTests;
			productReference = 368CBE502342961D004E712A /* vvvTests.xctest */;
			productType = "com.apple.product-type.bundle.unit-test";
		};
/* End PBXNativeTarget section */

/* Begin PBXProject section */
		368CBDE5233EA1BE004E712A /* Project object */ = {
			isa = PBXProject;
			attributes = {
				LastSwiftUpdateCheck = 1030;
				LastUpgradeCheck = 1030;
				ORGANIZATIONNAME = "Maxime CHAPELET";
				TargetAttributes = {
					368CBDEC233EA1BE004E712A = {
						CreatedOnToolsVersion = 10.3;
					};
					368CBE4F2342961D004E712A = {
						CreatedOnToolsVersion = 10.3;
						TestTargetID = 368CBDEC233EA1BE004E712A;
					};
				};
			};
			buildConfigurationList = 368CBDE8233EA1BE004E712A /* Build configuration list for PBXProject "vvv" */;
			compatibilityVersion = "Xcode 9.3";
			developmentRegion = en;
			hasScannedForEncodings = 0;
			knownRegions = (
				en,
				Base,
			);
			mainGroup = 368CBDE4233EA1BE004E712A;
			productRefGroup = 368CBDEE233EA1BE004E712A /* Products */;
			projectDirPath = "";
			projectRoot = "";
			targets = (
				368CBDEC233EA1BE004E712A /* vvv */,
				368CBE4F2342961D004E712A /* vvvTests */,
			);
		};
/* End PBXProject section */

/* Begin PBXResourcesBuildPhase section */
		368CBDEB233EA1BE004E712A /* Resources */ = {
			isa = PBXResourcesBuildPhase;
			buildActionMask = 2147483647;
			files = (
				368CBE3D233EAF4C004E712A /* Main.storyboard in Resources */,
				368CBE43233EB143004E712A /* DefaultActivitySceneView.xib in Resources */,
				368CBE612348DACA004E712A /* DefaultReadySceneView.xib in Resources */,
				368CBDFB233EA1BF004E712A /* LaunchScreen.storyboard in Resources */,
				368CBDF8233EA1BF004E712A /* Assets.xcassets in Resources */,
			);
			runOnlyForDeploymentPostprocessing = 0;
		};
		368CBE4E2342961D004E712A /* Resources */ = {
			isa = PBXResourcesBuildPhase;
			buildActionMask = 2147483647;
			files = (
			);
			runOnlyForDeploymentPostprocessing = 0;
		};
/* End PBXResourcesBuildPhase section */

/* Begin PBXSourcesBuildPhase section */
		368CBDE9233EA1BE004E712A /* Sources */ = {
			isa = PBXSourcesBuildPhase;
			buildActionMask = 2147483647;
			files = (
				368CBE602348DACA004E712A /* ReadySceneView.swift in Sources */,
				368CBE14233EA618004E712A /* CoordinationFactory.swift in Sources */,
				368CBE08233EA2BC004E712A /* CoordinationAction.swift in Sources */,
				368CBE652348DCB7004E712A /* ReadySceneProtocols.swift in Sources */,
				368CBE04233EA24E004E712A /* Coordinating.swift in Sources */,
				361EB4332357C66E0036E2EB /* ActivitySceneController.swift in Sources */,
				368CBE4B23428F1A004E712A /* ActivityStepEntity.swift in Sources */,
				368CBE06233EA29D004E712A /* Coordination.swift in Sources */,
				368CBE6B23537F6B004E712A /* ReadySceneInteractor.swift in Sources */,
				368CBE3F233EB076004E712A /* DefaultScenesFactory.swift in Sources */,
				368CBE0F233EA431004E712A /* Entities.swift in Sources */,
				361EB4372357C74A0036E2EB /* ActivitySceneDataStructures.swift in Sources */,
				368CBE6923537C00004E712A /* ReadySceneDataStructures.swift in Sources */,
				368CBE16233EA63F004E712A /* DefaultCoordinationFactory.swift in Sources */,
				368CBE0A233EA322004E712A /* RootCoordinator.swift in Sources */,
				368CBE11233EA46F004E712A /* Gateways.swift in Sources */,
				361EB4352357C6B40036E2EB /* ActivityScenePresenter.swift in Sources */,
				368CBDF1233EA1BE004E712A /* AppDelegate.swift in Sources */,
				368CBE3B233EAD3C004E712A /* DummyCoordinator.swift in Sources */,
				368CBE42233EB143004E712A /* ActivitySceneView.swift in Sources */,
				368CBE1B233EAB0A004E712A /* ScenesFactory.swift in Sources */,
				361EB44B23590F1B0036E2EB /* ActivitiesFactory.swift in Sources */,
				368CBE45233EB59E004E712A /* DefaultGateways.swift in Sources */,
				368CBE18233EA8FC004E712A /* ActivityCoordinator.swift in Sources */,
				368CBE67235378F3004E712A /* ReadySceneController.swift in Sources */,
				368CBE4923428EDB004E712A /* ActivityEntity.swift in Sources */,
				361EB4312357C24A0036E2EB /* ActivitySceneInteractor.swift in Sources */,
				368CBE4723428E8D004E712A /* ActivityGateway.swift in Sources */,
				361EB4392357CC910036E2EB /* ActivitySceneProtocols.swift in Sources */,
				368CBE632348DCA6004E712A /* ReadyScenePresenter.swift in Sources */,
				361EB43C2358FFDC0036E2EB /* Expression.swift in Sources */,
			);
			runOnlyForDeploymentPostprocessing = 0;
		};
		368CBE4C2342961D004E712A /* Sources */ = {
			isa = PBXSourcesBuildPhase;
			buildActionMask = 2147483647;
			files = (
				368CBE5C234296B3004E712A /* Entities.swift in Sources */,
				368CBE532342961D004E712A /* ExpressionsTests.swift in Sources */,
				368CBE5B23429699004E712A /* ActivityStepEntity.swift in Sources */,
				361EB443235901FE0036E2EB /* Expression.swift in Sources */,
			);
			runOnlyForDeploymentPostprocessing = 0;
		};
/* End PBXSourcesBuildPhase section */

/* Begin PBXTargetDependency section */
		368CBE562342961D004E712A /* PBXTargetDependency */ = {
			isa = PBXTargetDependency;
			target = 368CBDEC233EA1BE004E712A /* vvv */;
			targetProxy = 368CBE552342961D004E712A /* PBXContainerItemProxy */;
		};
/* End PBXTargetDependency section */

/* Begin PBXVariantGroup section */
		368CBDF9233EA1BF004E712A /* LaunchScreen.storyboard */ = {
			isa = PBXVariantGroup;
			children = (
				368CBDFA233EA1BF004E712A /* Base */,
			);
			name = LaunchScreen.storyboard;
			sourceTree = "<group>";
		};
/* End PBXVariantGroup section */

/* Begin XCBuildConfiguration section */
		368CBDFD233EA1BF004E712A /* Debug */ = {
			isa = XCBuildConfiguration;
			buildSettings = {
				ALWAYS_SEARCH_USER_PATHS = NO;
				CLANG_ANALYZER_NONNULL = YES;
				CLANG_ANALYZER_NUMBER_OBJECT_CONVERSION = YES_AGGRESSIVE;
				CLANG_CXX_LANGUAGE_STANDARD = "gnu++14";
				CLANG_CXX_LIBRARY = "libc++";
				CLANG_ENABLE_MODULES = YES;
				CLANG_ENABLE_OBJC_ARC = YES;
				CLANG_ENABLE_OBJC_WEAK = YES;
				CLANG_WARN_BLOCK_CAPTURE_AUTORELEASING = YES;
				CLANG_WARN_BOOL_CONVERSION = YES;
				CLANG_WARN_COMMA = YES;
				CLANG_WARN_CONSTANT_CONVERSION = YES;
				CLANG_WARN_DEPRECATED_OBJC_IMPLEMENTATIONS = YES;
				CLANG_WARN_DIRECT_OBJC_ISA_USAGE = YES_ERROR;
				CLANG_WARN_DOCUMENTATION_COMMENTS = YES;
				CLANG_WARN_EMPTY_BODY = YES;
				CLANG_WARN_ENUM_CONVERSION = YES;
				CLANG_WARN_INFINITE_RECURSION = YES;
				CLANG_WARN_INT_CONVERSION = YES;
				CLANG_WARN_NON_LITERAL_NULL_CONVERSION = YES;
				CLANG_WARN_OBJC_IMPLICIT_RETAIN_SELF = YES;
				CLANG_WARN_OBJC_LITERAL_CONVERSION = YES;
				CLANG_WARN_OBJC_ROOT_CLASS = YES_ERROR;
				CLANG_WARN_RANGE_LOOP_ANALYSIS = YES;
				CLANG_WARN_STRICT_PROTOTYPES = YES;
				CLANG_WARN_SUSPICIOUS_MOVE = YES;
				CLANG_WARN_UNGUARDED_AVAILABILITY = YES_AGGRESSIVE;
				CLANG_WARN_UNREACHABLE_CODE = YES;
				CLANG_WARN__DUPLICATE_METHOD_MATCH = YES;
				CODE_SIGN_IDENTITY = "iPhone Developer";
				COPY_PHASE_STRIP = NO;
				DEBUG_INFORMATION_FORMAT = dwarf;
				ENABLE_STRICT_OBJC_MSGSEND = YES;
				ENABLE_TESTABILITY = YES;
				GCC_C_LANGUAGE_STANDARD = gnu11;
				GCC_DYNAMIC_NO_PIC = NO;
				GCC_NO_COMMON_BLOCKS = YES;
				GCC_OPTIMIZATION_LEVEL = 0;
				GCC_PREPROCESSOR_DEFINITIONS = (
					"DEBUG=1",
					"$(inherited)",
				);
				GCC_WARN_64_TO_32_BIT_CONVERSION = YES;
				GCC_WARN_ABOUT_RETURN_TYPE = YES_ERROR;
				GCC_WARN_UNDECLARED_SELECTOR = YES;
				GCC_WARN_UNINITIALIZED_AUTOS = YES_AGGRESSIVE;
				GCC_WARN_UNUSED_FUNCTION = YES;
				GCC_WARN_UNUSED_VARIABLE = YES;
				IPHONEOS_DEPLOYMENT_TARGET = 12.4;
				MTL_ENABLE_DEBUG_INFO = INCLUDE_SOURCE;
				MTL_FAST_MATH = YES;
				ONLY_ACTIVE_ARCH = YES;
				SDKROOT = iphoneos;
				SWIFT_ACTIVE_COMPILATION_CONDITIONS = DEBUG;
				SWIFT_OPTIMIZATION_LEVEL = "-Onone";
			};
			name = Debug;
		};
		368CBDFE233EA1BF004E712A /* Release */ = {
			isa = XCBuildConfiguration;
			buildSettings = {
				ALWAYS_SEARCH_USER_PATHS = NO;
				CLANG_ANALYZER_NONNULL = YES;
				CLANG_ANALYZER_NUMBER_OBJECT_CONVERSION = YES_AGGRESSIVE;
				CLANG_CXX_LANGUAGE_STANDARD = "gnu++14";
				CLANG_CXX_LIBRARY = "libc++";
				CLANG_ENABLE_MODULES = YES;
				CLANG_ENABLE_OBJC_ARC = YES;
				CLANG_ENABLE_OBJC_WEAK = YES;
				CLANG_WARN_BLOCK_CAPTURE_AUTORELEASING = YES;
				CLANG_WARN_BOOL_CONVERSION = YES;
				CLANG_WARN_COMMA = YES;
				CLANG_WARN_CONSTANT_CONVERSION = YES;
				CLANG_WARN_DEPRECATED_OBJC_IMPLEMENTATIONS = YES;
				CLANG_WARN_DIRECT_OBJC_ISA_USAGE = YES_ERROR;
				CLANG_WARN_DOCUMENTATION_COMMENTS = YES;
				CLANG_WARN_EMPTY_BODY = YES;
				CLANG_WARN_ENUM_CONVERSION = YES;
				CLANG_WARN_INFINITE_RECURSION = YES;
				CLANG_WARN_INT_CONVERSION = YES;
				CLANG_WARN_NON_LITERAL_NULL_CONVERSION = YES;
				CLANG_WARN_OBJC_IMPLICIT_RETAIN_SELF = YES;
				CLANG_WARN_OBJC_LITERAL_CONVERSION = YES;
				CLANG_WARN_OBJC_ROOT_CLASS = YES_ERROR;
				CLANG_WARN_RANGE_LOOP_ANALYSIS = YES;
				CLANG_WARN_STRICT_PROTOTYPES = YES;
				CLANG_WARN_SUSPICIOUS_MOVE = YES;
				CLANG_WARN_UNGUARDED_AVAILABILITY = YES_AGGRESSIVE;
				CLANG_WARN_UNREACHABLE_CODE = YES;
				CLANG_WARN__DUPLICATE_METHOD_MATCH = YES;
				CODE_SIGN_IDENTITY = "iPhone Developer";
				COPY_PHASE_STRIP = NO;
				DEBUG_INFORMATION_FORMAT = "dwarf-with-dsym";
				ENABLE_NS_ASSERTIONS = NO;
				ENABLE_STRICT_OBJC_MSGSEND = YES;
				GCC_C_LANGUAGE_STANDARD = gnu11;
				GCC_NO_COMMON_BLOCKS = YES;
				GCC_WARN_64_TO_32_BIT_CONVERSION = YES;
				GCC_WARN_ABOUT_RETURN_TYPE = YES_ERROR;
				GCC_WARN_UNDECLARED_SELECTOR = YES;
				GCC_WARN_UNINITIALIZED_AUTOS = YES_AGGRESSIVE;
				GCC_WARN_UNUSED_FUNCTION = YES;
				GCC_WARN_UNUSED_VARIABLE = YES;
				IPHONEOS_DEPLOYMENT_TARGET = 12.4;
				MTL_ENABLE_DEBUG_INFO = NO;
				MTL_FAST_MATH = YES;
				SDKROOT = iphoneos;
				SWIFT_COMPILATION_MODE = wholemodule;
				SWIFT_OPTIMIZATION_LEVEL = "-O";
				VALIDATE_PRODUCT = YES;
			};
			name = Release;
		};
		368CBE00233EA1BF004E712A /* Debug */ = {
			isa = XCBuildConfiguration;
			buildSettings = {
				ASSETCATALOG_COMPILER_APPICON_NAME = AppIcon;
				CODE_SIGN_IDENTITY = "iPhone Developer";
				CODE_SIGN_STYLE = Automatic;
				DEVELOPMENT_TEAM = SFF7Z495BM;
				INFOPLIST_FILE = vvv/Info.plist;
				IPHONEOS_DEPLOYMENT_TARGET = 10.0;
				LD_RUNPATH_SEARCH_PATHS = (
					"$(inherited)",
					"@executable_path/Frameworks",
				);
				PRODUCT_BUNDLE_IDENTIFIER = com.umxprime.vvv;
				PRODUCT_NAME = "$(TARGET_NAME)";
				PROVISIONING_PROFILE_SPECIFIER = "";
				SWIFT_VERSION = 5.0;
				TARGETED_DEVICE_FAMILY = "1,2";
			};
			name = Debug;
		};
		368CBE01233EA1BF004E712A /* Release */ = {
			isa = XCBuildConfiguration;
			buildSettings = {
				ASSETCATALOG_COMPILER_APPICON_NAME = AppIcon;
				CODE_SIGN_IDENTITY = "iPhone Developer";
				CODE_SIGN_STYLE = Automatic;
				DEVELOPMENT_TEAM = SFF7Z495BM;
				INFOPLIST_FILE = vvv/Info.plist;
				IPHONEOS_DEPLOYMENT_TARGET = 10.0;
				LD_RUNPATH_SEARCH_PATHS = (
					"$(inherited)",
					"@executable_path/Frameworks",
				);
				PRODUCT_BUNDLE_IDENTIFIER = com.umxprime.vvv;
				PRODUCT_NAME = "$(TARGET_NAME)";
				PROVISIONING_PROFILE_SPECIFIER = "";
				SWIFT_VERSION = 5.0;
				TARGETED_DEVICE_FAMILY = "1,2";
			};
			name = Release;
		};
		368CBE582342961D004E712A /* Debug */ = {
			isa = XCBuildConfiguration;
			buildSettings = {
				BUNDLE_LOADER = "$(TEST_HOST)";
				CODE_SIGN_STYLE = Automatic;
				DEVELOPMENT_TEAM = SFF7Z495BM;
				INFOPLIST_FILE = vvvTests/Info.plist;
				LD_RUNPATH_SEARCH_PATHS = (
					"$(inherited)",
					"@executable_path/Frameworks",
					"@loader_path/Frameworks",
				);
				PRODUCT_BUNDLE_IDENTIFIER = com.umxprime.vvvTests;
				PRODUCT_NAME = "$(TARGET_NAME)";
				SWIFT_VERSION = 5.0;
				TARGETED_DEVICE_FAMILY = "1,2";
				TEST_HOST = "$(BUILT_PRODUCTS_DIR)/vvv.app/vvv";
			};
			name = Debug;
		};
		368CBE592342961D004E712A /* Release */ = {
			isa = XCBuildConfiguration;
			buildSettings = {
				BUNDLE_LOADER = "$(TEST_HOST)";
				CODE_SIGN_STYLE = Automatic;
				DEVELOPMENT_TEAM = SFF7Z495BM;
				INFOPLIST_FILE = vvvTests/Info.plist;
				LD_RUNPATH_SEARCH_PATHS = (
					"$(inherited)",
					"@executable_path/Frameworks",
					"@loader_path/Frameworks",
				);
				PRODUCT_BUNDLE_IDENTIFIER = com.umxprime.vvvTests;
				PRODUCT_NAME = "$(TARGET_NAME)";
				SWIFT_VERSION = 5.0;
				TARGETED_DEVICE_FAMILY = "1,2";
				TEST_HOST = "$(BUILT_PRODUCTS_DIR)/vvv.app/vvv";
			};
			name = Release;
		};
/* End XCBuildConfiguration section */

/* Begin XCConfigurationList section */
		368CBDE8233EA1BE004E712A /* Build configuration list for PBXProject "vvv" */ = {
			isa = XCConfigurationList;
			buildConfigurations = (
				368CBDFD233EA1BF004E712A /* Debug */,
				368CBDFE233EA1BF004E712A /* Release */,
			);
			defaultConfigurationIsVisible = 0;
			defaultConfigurationName = Release;
		};
		368CBDFF233EA1BF004E712A /* Build configuration list for PBXNativeTarget "vvv" */ = {
			isa = XCConfigurationList;
			buildConfigurations = (
				368CBE00233EA1BF004E712A /* Debug */,
				368CBE01233EA1BF004E712A /* Release */,
			);
			defaultConfigurationIsVisible = 0;
			defaultConfigurationName = Release;
		};
		368CBE572342961D004E712A /* Build configuration list for PBXNativeTarget "vvvTests" */ = {
			isa = XCConfigurationList;
			buildConfigurations = (
				368CBE582342961D004E712A /* Debug */,
				368CBE592342961D004E712A /* Release */,
			);
			defaultConfigurationIsVisible = 0;
			defaultConfigurationName = Release;
		};
/* End XCConfigurationList section */
	};
	rootObject = 368CBDE5233EA1BE004E712A /* Project object */;
}
